
Microsoft Visual Studio Solution File, Format Version 12.00
# Visual Studio Version 16
VisualStudioVersion = 16.0.30621.155
MinimumVisualStudioVersion = 10.0.40219.1
Project("{FAE04EC0-301F-11D3-BF4B-00C04F79EFBC}") = "OpenFusion Server Configurator", "OpenFusion Server Configurator\OpenFusion Server Configurator.csproj", "{6FD5D5C6-9807-42D5-9048-CA5FF8095B7D}"
EndProject
Global
	GlobalSection(SolutionConfigurationPlatforms) = preSolution
		Debug|Any CPU = Debug|Any CPU
		Release|Any CPU = Release|Any CPU
	EndGlobalSection
	GlobalSection(ProjectConfigurationPlatforms) = postSolution
		{6FD5D5C6-9807-42D5-9048-CA5FF8095B7D}.Debug|Any CPU.ActiveCfg = Debug|Any CPU
		{6FD5D5C6-9807-42D5-9048-CA5FF8095B7D}.Debug|Any CPU.Build.0 = Debug|Any CPU
		{6FD5D5C6-9807-42D5-9048-CA5FF8095B7D}.Release|Any CPU.ActiveCfg = Release|Any CPU
		{6FD5D5C6-9807-42D5-9048-CA5FF8095B7D}.Release|Any CPU.Build.0 = Release|Any CPU
	EndGlobalSection
	GlobalSection(SolutionProperties) = preSolution
		HideSolutionNode = FALSE
	EndGlobalSection
	GlobalSection(ExtensibilityGlobals) = postSolution
		SolutionGuid = {D361A211-738F-4BE2-8061-4705CC297BF1}
	EndGlobalSection
EndGlobal
